
Microsoft Visual Studio Solution File, Format Version 12.00
# Visual Studio Version 17
VisualStudioVersion = 17.8.34511.84
MinimumVisualStudioVersion = 10.0.40219.1
Project("{FAE04EC0-301F-11D3-BF4B-00C04F79EFBC}") = "ToDo", "ToDo.csproj", "{9759A472-AB91-4F23-9A4F-9A0BBFEF1466}"
EndProject
Global
	GlobalSection(SolutionConfigurationPlatforms) = preSolution
		Debug|Any CPU = Debug|Any CPU
		Release|Any CPU = Release|Any CPU
	EndGlobalSection
	GlobalSection(ProjectConfigurationPlatforms) = postSolution
		{9759A472-AB91-4F23-9A4F-9A0BBFEF1466}.Debug|Any CPU.ActiveCfg = Debug|Any CPU
		{9759A472-AB91-4F23-9A4F-9A0BBFEF1466}.Debug|Any CPU.Build.0 = Debug|Any CPU
		{9759A472-AB91-4F23-9A4F-9A0BBFEF1466}.Release|Any CPU.ActiveCfg = Release|Any CPU
		{9759A472-AB91-4F23-9A4F-9A0BBFEF1466}.Release|Any CPU.Build.0 = Release|Any CPU
	EndGlobalSection
	GlobalSection(SolutionProperties) = preSolution
		HideSolutionNode = FALSE
	EndGlobalSection
	GlobalSection(ExtensibilityGlobals) = postSolution
		SolutionGuid = {7A28080A-5D95-4692-98C7-F2897A90949E}
	EndGlobalSection
EndGlobal
